// !$*UTF8*$!
{
	archiveVersion = 1;
	classes = {
	};
	objectVersion = 77;
	objects = {

/* Begin PBXContainerItemProxy section */
		186B38E92D7DC55700ACF9EB /* PBXContainerItemProxy */ = {
			isa = PBXContainerItemProxy;
			containerPortal = 186B38D02D7DC55500ACF9EB /* Project object */;
			proxyType = 1;
			remoteGlobalIDString = 186B38D72D7DC55500ACF9EB;
			remoteInfo = NoSmoke_Days;
		};
		186B38F32D7DC55700ACF9EB /* PBXContainerItemProxy */ = {
			isa = PBXContainerItemProxy;
			containerPortal = 186B38D02D7DC55500ACF9EB /* Project object */;
			proxyType = 1;
			remoteGlobalIDString = 186B38D72D7DC55500ACF9EB;
			remoteInfo = NoSmoke_Days;
		};
/* End PBXContainerItemProxy section */

/* Begin PBXFileReference section */
		186B38D82D7DC55500ACF9EB /* NoSmoke_Days.app */ = {isa = PBXFileReference; explicitFileType = wrapper.application; includeInIndex = 0; path = NoSmoke_Days.app; sourceTree = BUILT_PRODUCTS_DIR; };
		186B38E82D7DC55700ACF9EB /* NoSmoke_DaysTests.xctest */ = {isa = PBXFileReference; explicitFileType = wrapper.cfbundle; includeInIndex = 0; path = NoSmoke_DaysTests.xctest; sourceTree = BUILT_PRODUCTS_DIR; };
		186B38F22D7DC55700ACF9EB /* NoSmoke_DaysUITests.xctest */ = {isa = PBXFileReference; explicitFileType = wrapper.cfbundle; includeInIndex = 0; path = NoSmoke_DaysUITests.xctest; sourceTree = BUILT_PRODUCTS_DIR; };
/* End PBXFileReference section */

/* Begin PBXFileSystemSynchronizedRootGroup section */
		186B38DA2D7DC55500ACF9EB /* NoSmoke_Days */ = {
			isa = PBXFileSystemSynchronizedRootGroup;
			path = NoSmoke_Days;
			sourceTree = "<group>";
		};
		186B38EB2D7DC55700ACF9EB /* NoSmoke_DaysTests */ = {
			isa = PBXFileSystemSynchronizedRootGroup;
			path = NoSmoke_DaysTests;
			sourceTree = "<group>";
		};
		186B38F52D7DC55700ACF9EB /* NoSmoke_DaysUITests */ = {
			isa = PBXFileSystemSynchronizedRootGroup;
			path = NoSmoke_DaysUITests;
			sourceTree = "<group>";
		};
/* End PBXFileSystemSynchronizedRootGroup section */

/* Begin PBXFrameworksBuildPhase section */
		186B38D52D7DC55500ACF9EB /* Frameworks */ = {
			isa = PBXFrameworksBuildPhase;
			buildActionMask = 2147483647;
			files = (
			);
			runOnlyForDeploymentPostprocessing = 0;
		};
		186B38E52D7DC55700ACF9EB /* Frameworks */ = {
			isa = PBXFrameworksBuildPhase;
			buildActionMask = 2147483647;
			files = (
			);
			runOnlyForDeploymentPostprocessing = 0;
		};
		186B38EF2D7DC55700ACF9EB /* Frameworks */ = {
			isa = PBXFrameworksBuildPhase;
			buildActionMask = 2147483647;
			files = (
			);
			runOnlyForDeploymentPostprocessing = 0;
		};
/* End PBXFrameworksBuildPhase section */

/* Begin PBXGroup section */
		186B38CF2D7DC55500ACF9EB = {
			isa = PBXGroup;
			children = (
				186B38DA2D7DC55500ACF9EB /* NoSmoke_Days */,
				186B38EB2D7DC55700ACF9EB /* NoSmoke_DaysTests */,
				186B38F52D7DC55700ACF9EB /* NoSmoke_DaysUITests */,
				186B38D92D7DC55500ACF9EB /* Products */,
			);
			sourceTree = "<group>";
		};
		186B38D92D7DC55500ACF9EB /* Products */ = {
			isa = PBXGroup;
			children = (
				186B38D82D7DC55500ACF9EB /* NoSmoke_Days.app */,
				186B38E82D7DC55700ACF9EB /* NoSmoke_DaysTests.xctest */,
				186B38F22D7DC55700ACF9EB /* NoSmoke_DaysUITests.xctest */,
			);
			name = Products;
			sourceTree = "<group>";
		};
/* End PBXGroup section */

/* Begin PBXNativeTarget section */
		186B38D72D7DC55500ACF9EB /* NoSmoke_Days */ = {
			isa = PBXNativeTarget;
			buildConfigurationList = 186B38FC2D7DC55700ACF9EB /* Build configuration list for PBXNativeTarget "NoSmoke_Days" */;
			buildPhases = (
				186B38D42D7DC55500ACF9EB /* Sources */,
				186B38D52D7DC55500ACF9EB /* Frameworks */,
				186B38D62D7DC55500ACF9EB /* Resources */,
			);
			buildRules = (
			);
			dependencies = (
			);
			fileSystemSynchronizedGroups = (
				186B38DA2D7DC55500ACF9EB /* NoSmoke_Days */,
			);
			name = NoSmoke_Days;
			packageProductDependencies = (
			);
			productName = NoSmoke_Days;
			productReference = 186B38D82D7DC55500ACF9EB /* NoSmoke_Days.app */;
			productType = "com.apple.product-type.application";
		};
		186B38E72D7DC55700ACF9EB /* NoSmoke_DaysTests */ = {
			isa = PBXNativeTarget;
			buildConfigurationList = 186B38FF2D7DC55700ACF9EB /* Build configuration list for PBXNativeTarget "NoSmoke_DaysTests" */;
			buildPhases = (
				186B38E42D7DC55700ACF9EB /* Sources */,
				186B38E52D7DC55700ACF9EB /* Frameworks */,
				186B38E62D7DC55700ACF9EB /* Resources */,
			);
			buildRules = (
			);
			dependencies = (
				186B38EA2D7DC55700ACF9EB /* PBXTargetDependency */,
			);
			fileSystemSynchronizedGroups = (
				186B38EB2D7DC55700ACF9EB /* NoSmoke_DaysTests */,
			);
			name = NoSmoke_DaysTests;
			packageProductDependencies = (
			);
			productName = NoSmoke_DaysTests;
			productReference = 186B38E82D7DC55700ACF9EB /* NoSmoke_DaysTests.xctest */;
			productType = "com.apple.product-type.bundle.unit-test";
		};
		186B38F12D7DC55700ACF9EB /* NoSmoke_DaysUITests */ = {
			isa = PBXNativeTarget;
			buildConfigurationList = 186B39022D7DC55700ACF9EB /* Build configuration list for PBXNativeTarget "NoSmoke_DaysUITests" */;
			buildPhases = (
				186B38EE2D7DC55700ACF9EB /* Sources */,
				186B38EF2D7DC55700ACF9EB /* Frameworks */,
				186B38F02D7DC55700ACF9EB /* Resources */,
			);
			buildRules = (
			);
			dependencies = (
				186B38F42D7DC55700ACF9EB /* PBXTargetDependency */,
			);
			fileSystemSynchronizedGroups = (
				186B38F52D7DC55700ACF9EB /* NoSmoke_DaysUITests */,
			);
			name = NoSmoke_DaysUITests;
			packageProductDependencies = (
			);
			productName = NoSmoke_DaysUITests;
			productReference = 186B38F22D7DC55700ACF9EB /* NoSmoke_DaysUITests.xctest */;
			productType = "com.apple.product-type.bundle.ui-testing";
		};
/* End PBXNativeTarget section */

/* Begin PBXProject section */
		186B38D02D7DC55500ACF9EB /* Project object */ = {
			isa = PBXProject;
			attributes = {
				BuildIndependentTargetsInParallel = 1;
				LastSwiftUpdateCheck = 1620;
				LastUpgradeCheck = 1620;
				TargetAttributes = {
					186B38D72D7DC55500ACF9EB = {
						CreatedOnToolsVersion = 16.2;
					};
					186B38E72D7DC55700ACF9EB = {
						CreatedOnToolsVersion = 16.2;
						TestTargetID = 186B38D72D7DC55500ACF9EB;
					};
					186B38F12D7DC55700ACF9EB = {
						CreatedOnToolsVersion = 16.2;
						TestTargetID = 186B38D72D7DC55500ACF9EB;
					};
				};
			};
			buildConfigurationList = 186B38D32D7DC55500ACF9EB /* Build configuration list for PBXProject "NoSmoke_Days" */;
			developmentRegion = en;
			hasScannedForEncodings = 0;
			knownRegions = (
				en,
				Base,
			);
			mainGroup = 186B38CF2D7DC55500ACF9EB;
			minimizedProjectReferenceProxies = 1;
			preferredProjectObjectVersion = 77;
			productRefGroup = 186B38D92D7DC55500ACF9EB /* Products */;
			projectDirPath = "";
			projectRoot = "";
			targets = (
				186B38D72D7DC55500ACF9EB /* NoSmoke_Days */,
				186B38E72D7DC55700ACF9EB /* NoSmoke_DaysTests */,
				186B38F12D7DC55700ACF9EB /* NoSmoke_DaysUITests */,
			);
		};
/* End PBXProject section */

/* Begin PBXResourcesBuildPhase section */
		186B38D62D7DC55500ACF9EB /* Resources */ = {
			isa = PBXResourcesBuildPhase;
			buildActionMask = 2147483647;
			files = (
			);
			runOnlyForDeploymentPostprocessing = 0;
		};
		186B38E62D7DC55700ACF9EB /* Resources */ = {
			isa = PBXResourcesBuildPhase;
			buildActionMask = 2147483647;
			files = (
			);
			runOnlyForDeploymentPostprocessing = 0;
		};
		186B38F02D7DC55700ACF9EB /* Resources */ = {
			isa = PBXResourcesBuildPhase;
			buildActionMask = 2147483647;
			files = (
			);
			runOnlyForDeploymentPostprocessing = 0;
		};
/* End PBXResourcesBuildPhase section */

/* Begin PBXSourcesBuildPhase section */
		186B38D42D7DC55500ACF9EB /* Sources */ = {
			isa = PBXSourcesBuildPhase;
			buildActionMask = 2147483647;
			files = (
			);
			runOnlyForDeploymentPostprocessing = 0;
		};
		186B38E42D7DC55700ACF9EB /* Sources */ = {
			isa = PBXSourcesBuildPhase;
			buildActionMask = 2147483647;
			files = (
			);
			runOnlyForDeploymentPostprocessing = 0;
		};
		186B38EE2D7DC55700ACF9EB /* Sources */ = {
			isa = PBXSourcesBuildPhase;
			buildActionMask = 2147483647;
			files = (
			);
			runOnlyForDeploymentPostprocessing = 0;
		};
/* End PBXSourcesBuildPhase section */

/* Begin PBXTargetDependency section */
		186B38EA2D7DC55700ACF9EB /* PBXTargetDependency */ = {
			isa = PBXTargetDependency;
			target = 186B38D72D7DC55500ACF9EB /* NoSmoke_Days */;
			targetProxy = 186B38E92D7DC55700ACF9EB /* PBXContainerItemProxy */;
		};
		186B38F42D7DC55700ACF9EB /* PBXTargetDependency */ = {
			isa = PBXTargetDependency;
			target = 186B38D72D7DC55500ACF9EB /* NoSmoke_Days */;
			targetProxy = 186B38F32D7DC55700ACF9EB /* PBXContainerItemProxy */;
		};
/* End PBXTargetDependency section */

/* Begin XCBuildConfiguration section */
		186B38FA2D7DC55700ACF9EB /* Debug */ = {
			isa = XCBuildConfiguration;
			buildSettings = {
				ALWAYS_SEARCH_USER_PATHS = NO;
				ASSETCATALOG_COMPILER_GENERATE_SWIFT_ASSET_SYMBOL_EXTENSIONS = YES;
				CLANG_ANALYZER_NONNULL = YES;
				CLANG_ANALYZER_NUMBER_OBJECT_CONVERSION = YES_AGGRESSIVE;
				CLANG_CXX_LANGUAGE_STANDARD = "gnu++20";
				CLANG_ENABLE_MODULES = YES;
				CLANG_ENABLE_OBJC_ARC = YES;
				CLANG_ENABLE_OBJC_WEAK = YES;
				CLANG_WARN_BLOCK_CAPTURE_AUTORELEASING = YES;
				CLANG_WARN_BOOL_CONVERSION = YES;
				CLANG_WARN_COMMA = YES;
				CLANG_WARN_CONSTANT_CONVERSION = YES;
				CLANG_WARN_DEPRECATED_OBJC_IMPLEMENTATIONS = YES;
				CLANG_WARN_DIRECT_OBJC_ISA_USAGE = YES_ERROR;
				CLANG_WARN_DOCUMENTATION_COMMENTS = YES;
				CLANG_WARN_EMPTY_BODY = YES;
				CLANG_WARN_ENUM_CONVERSION = YES;
				CLANG_WARN_INFINITE_RECURSION = YES;
				CLANG_WARN_INT_CONVERSION = YES;
				CLANG_WARN_NON_LITERAL_NULL_CONVERSION = YES;
				CLANG_WARN_OBJC_IMPLICIT_RETAIN_SELF = YES;
				CLANG_WARN_OBJC_LITERAL_CONVERSION = YES;
				CLANG_WARN_OBJC_ROOT_CLASS = YES_ERROR;
				CLANG_WARN_QUOTED_INCLUDE_IN_FRAMEWORK_HEADER = YES;
				CLANG_WARN_RANGE_LOOP_ANALYSIS = YES;
				CLANG_WARN_STRICT_PROTOTYPES = YES;
				CLANG_WARN_SUSPICIOUS_MOVE = YES;
				CLANG_WARN_UNGUARDED_AVAILABILITY = YES_AGGRESSIVE;
				CLANG_WARN_UNREACHABLE_CODE = YES;
				CLANG_WARN__DUPLICATE_METHOD_MATCH = YES;
				COPY_PHASE_STRIP = NO;
				DEBUG_INFORMATION_FORMAT = dwarf;
				ENABLE_STRICT_OBJC_MSGSEND = YES;
				ENABLE_TESTABILITY = YES;
				ENABLE_USER_SCRIPT_SANDBOXING = YES;
				GCC_C_LANGUAGE_STANDARD = gnu17;
				GCC_DYNAMIC_NO_PIC = NO;
				GCC_NO_COMMON_BLOCKS = YES;
				GCC_OPTIMIZATION_LEVEL = 0;
				GCC_PREPROCESSOR_DEFINITIONS = (
					"DEBUG=1",
					"$(inherited)",
				);
				GCC_WARN_64_TO_32_BIT_CONVERSION = YES;
				GCC_WARN_ABOUT_RETURN_TYPE = YES_ERROR;
				GCC_WARN_UNDECLARED_SELECTOR = YES;
				GCC_WARN_UNINITIALIZED_AUTOS = YES_AGGRESSIVE;
				GCC_WARN_UNUSED_FUNCTION = YES;
				GCC_WARN_UNUSED_VARIABLE = YES;
				IPHONEOS_DEPLOYMENT_TARGET = 18.2;
				LOCALIZATION_PREFERS_STRING_CATALOGS = YES;
				MTL_ENABLE_DEBUG_INFO = INCLUDE_SOURCE;
				MTL_FAST_MATH = YES;
				ONLY_ACTIVE_ARCH = YES;
				SDKROOT = iphoneos;
				SWIFT_ACTIVE_COMPILATION_CONDITIONS = "DEBUG $(inherited)";
				SWIFT_OPTIMIZATION_LEVEL = "-Onone";
			};
			name = Debug;
		};
		186B38FB2D7DC55700ACF9EB /* Release */ = {
			isa = XCBuildConfiguration;
			buildSettings = {
				ALWAYS_SEARCH_USER_PATHS = NO;
				ASSETCATALOG_COMPILER_GENERATE_SWIFT_ASSET_SYMBOL_EXTENSIONS = YES;
				CLANG_ANALYZER_NONNULL = YES;
				CLANG_ANALYZER_NUMBER_OBJECT_CONVERSION = YES_AGGRESSIVE;
				CLANG_CXX_LANGUAGE_STANDARD = "gnu++20";
				CLANG_ENABLE_MODULES = YES;
				CLANG_ENABLE_OBJC_ARC = YES;
				CLANG_ENABLE_OBJC_WEAK = YES;
				CLANG_WARN_BLOCK_CAPTURE_AUTORELEASING = YES;
				CLANG_WARN_BOOL_CONVERSION = YES;
				CLANG_WARN_COMMA = YES;
				CLANG_WARN_CONSTANT_CONVERSION = YES;
				CLANG_WARN_DEPRECATED_OBJC_IMPLEMENTATIONS = YES;
				CLANG_WARN_DIRECT_OBJC_ISA_USAGE = YES_ERROR;
				CLANG_WARN_DOCUMENTATION_COMMENTS = YES;
				CLANG_WARN_EMPTY_BODY = YES;
				CLANG_WARN_ENUM_CONVERSION = YES;
				CLANG_WARN_INFINITE_RECURSION = YES;
				CLANG_WARN_INT_CONVERSION = YES;
				CLANG_WARN_NON_LITERAL_NULL_CONVERSION = YES;
				CLANG_WARN_OBJC_IMPLICIT_RETAIN_SELF = YES;
				CLANG_WARN_OBJC_LITERAL_CONVERSION = YES;
				CLANG_WARN_OBJC_ROOT_CLASS = YES_ERROR;
				CLANG_WARN_QUOTED_INCLUDE_IN_FRAMEWORK_HEADER = YES;
				CLANG_WARN_RANGE_LOOP_ANALYSIS = YES;
				CLANG_WARN_STRICT_PROTOTYPES = YES;
				CLANG_WARN_SUSPICIOUS_MOVE = YES;
				CLANG_WARN_UNGUARDED_AVAILABILITY = YES_AGGRESSIVE;
				CLANG_WARN_UNREACHABLE_CODE = YES;
				CLANG_WARN__DUPLICATE_METHOD_MATCH = YES;
				COPY_PHASE_STRIP = NO;
				DEBUG_INFORMATION_FORMAT = "dwarf-with-dsym";
				ENABLE_NS_ASSERTIONS = NO;
				ENABLE_STRICT_OBJC_MSGSEND = YES;
				ENABLE_USER_SCRIPT_SANDBOXING = YES;
				GCC_C_LANGUAGE_STANDARD = gnu17;
				GCC_NO_COMMON_BLOCKS = YES;
				GCC_WARN_64_TO_32_BIT_CONVERSION = YES;
				GCC_WARN_ABOUT_RETURN_TYPE = YES_ERROR;
				GCC_WARN_UNDECLARED_SELECTOR = YES;
				GCC_WARN_UNINITIALIZED_AUTOS = YES_AGGRESSIVE;
				GCC_WARN_UNUSED_FUNCTION = YES;
				GCC_WARN_UNUSED_VARIABLE = YES;
				IPHONEOS_DEPLOYMENT_TARGET = 18.2;
				LOCALIZATION_PREFERS_STRING_CATALOGS = YES;
				MTL_ENABLE_DEBUG_INFO = NO;
				MTL_FAST_MATH = YES;
				SDKROOT = iphoneos;
				SWIFT_COMPILATION_MODE = wholemodule;
				VALIDATE_PRODUCT = YES;
			};
			name = Release;
		};
		186B38FD2D7DC55700ACF9EB /* Debug */ = {
			isa = XCBuildConfiguration;
			buildSettings = {
				ASSETCATALOG_COMPILER_APPICON_NAME = AppIcon;
				ASSETCATALOG_COMPILER_GLOBAL_ACCENT_COLOR_NAME = AccentColor;
				CODE_SIGN_STYLE = Automatic;
				CURRENT_PROJECT_VERSION = 1;
				DEVELOPMENT_ASSET_PATHS = "\"NoSmoke_Days/Preview Content\"";
				DEVELOPMENT_TEAM = DRTTFW35CW;
				ENABLE_PREVIEWS = YES;
				GENERATE_INFOPLIST_FILE = YES;
				INFOPLIST_KEY_LSApplicationCategoryType = "public.app-category.lifestyle";
				INFOPLIST_KEY_UIApplicationSceneManifest_Generation = YES;
				INFOPLIST_KEY_UIApplicationSupportsIndirectInputEvents = YES;
				INFOPLIST_KEY_UILaunchScreen_Generation = YES;
				INFOPLIST_KEY_UISupportedInterfaceOrientations_iPad = "UIInterfaceOrientationPortrait UIInterfaceOrientationPortraitUpsideDown UIInterfaceOrientationLandscapeLeft UIInterfaceOrientationLandscapeRight";
				INFOPLIST_KEY_UISupportedInterfaceOrientations_iPhone = "UIInterfaceOrientationPortrait UIInterfaceOrientationLandscapeLeft UIInterfaceOrientationLandscapeRight";
				LD_RUNPATH_SEARCH_PATHS = (
					"$(inherited)",
					"@executable_path/Frameworks",
				);
				MARKETING_VERSION = 1.0;
				PRODUCT_BUNDLE_IDENTIFIER = "com.yingfei.NoSmoke-Days";
				PRODUCT_NAME = "$(TARGET_NAME)";
				SWIFT_EMIT_LOC_STRINGS = YES;
				SWIFT_VERSION = 5.0;
				TARGETED_DEVICE_FAMILY = "1,2";
			};
			name = Debug;
		};
		186B38FE2D7DC55700ACF9EB /* Release */ = {
			isa = XCBuildConfiguration;
			buildSettings = {
				ASSETCATALOG_COMPILER_APPICON_NAME = AppIcon;
				ASSETCATALOG_COMPILER_GLOBAL_ACCENT_COLOR_NAME = AccentColor;
				CODE_SIGN_STYLE = Automatic;
				CURRENT_PROJECT_VERSION = 1;
				DEVELOPMENT_ASSET_PATHS = "\"NoSmoke_Days/Preview Content\"";
				DEVELOPMENT_TEAM = DRTTFW35CW;
				ENABLE_PREVIEWS = YES;
				GENERATE_INFOPLIST_FILE = YES;
				INFOPLIST_KEY_LSApplicationCategoryType = "public.app-category.lifestyle";
				INFOPLIST_KEY_UIApplicationSceneManifest_Generation = YES;
				INFOPLIST_KEY_UIApplicationSupportsIndirectInputEvents = YES;
				INFOPLIST_KEY_UILaunchScreen_Generation = YES;
				INFOPLIST_KEY_UISupportedInterfaceOrientations_iPad = "UIInterfaceOrientationPortrait UIInterfaceOrientationPortraitUpsideDown UIInterfaceOrientationLandscapeLeft UIInterfaceOrientationLandscapeRight";
				INFOPLIST_KEY_UISupportedInterfaceOrientations_iPhone = "UIInterfaceOrientationPortrait UIInterfaceOrientationLandscapeLeft UIInterfaceOrientationLandscapeRight";
				LD_RUNPATH_SEARCH_PATHS = (
					"$(inherited)",
					"@executable_path/Frameworks",
				);
				MARKETING_VERSION = 1.0;
				PRODUCT_BUNDLE_IDENTIFIER = "com.yingfei.NoSmoke-Days";
				PRODUCT_NAME = "$(TARGET_NAME)";
				SWIFT_EMIT_LOC_STRINGS = YES;
				SWIFT_VERSION = 5.0;
				TARGETED_DEVICE_FAMILY = "1,2";
			};
			name = Release;
		};
		186B39002D7DC55700ACF9EB /* Debug */ = {
			isa = XCBuildConfiguration;
			buildSettings = {
				BUNDLE_LOADER = "$(TEST_HOST)";
				CODE_SIGN_STYLE = Automatic;
				CURRENT_PROJECT_VERSION = 1;
				GENERATE_INFOPLIST_FILE = YES;
				IPHONEOS_DEPLOYMENT_TARGET = 18.2;
				MARKETING_VERSION = 1.0;
				PRODUCT_BUNDLE_IDENTIFIER = "com.yingfei.NoSmoke-DaysTests";
				PRODUCT_NAME = "$(TARGET_NAME)";
				SWIFT_EMIT_LOC_STRINGS = NO;
				SWIFT_VERSION = 5.0;
				TARGETED_DEVICE_FAMILY = "1,2";
				TEST_HOST = "$(BUILT_PRODUCTS_DIR)/NoSmoke_Days.app/$(BUNDLE_EXECUTABLE_FOLDER_PATH)/NoSmoke_Days";
			};
			name = Debug;
		};
		186B39012D7DC55700ACF9EB /* Release */ = {
			isa = XCBuildConfiguration;
			buildSettings = {
				BUNDLE_LOADER = "$(TEST_HOST)";
				CODE_SIGN_STYLE = Automatic;
				CURRENT_PROJECT_VERSION = 1;
				GENERATE_INFOPLIST_FILE = YES;
				IPHONEOS_DEPLOYMENT_TARGET = 18.2;
				MARKETING_VERSION = 1.0;
				PRODUCT_BUNDLE_IDENTIFIER = "com.yingfei.NoSmoke-DaysTests";
				PRODUCT_NAME = "$(TARGET_NAME)";
				SWIFT_EMIT_LOC_STRINGS = NO;
				SWIFT_VERSION = 5.0;
				TARGETED_DEVICE_FAMILY = "1,2";
				TEST_HOST = "$(BUILT_PRODUCTS_DIR)/NoSmoke_Days.app/$(BUNDLE_EXECUTABLE_FOLDER_PATH)/NoSmoke_Days";
			};
			name = Release;
		};
		186B39032D7DC55700ACF9EB /* Debug */ = {
			isa = XCBuildConfiguration;
			buildSettings = {
				CODE_SIGN_STYLE = Automatic;
				CURRENT_PROJECT_VERSION = 1;
				GENERATE_INFOPLIST_FILE = YES;
				MARKETING_VERSION = 1.0;
				PRODUCT_BUNDLE_IDENTIFIER = "com.yingfei.NoSmoke-DaysUITests";
				PRODUCT_NAME = "$(TARGET_NAME)";
				SWIFT_EMIT_LOC_STRINGS = NO;
				SWIFT_VERSION = 5.0;
				TARGETED_DEVICE_FAMILY = "1,2";
				TEST_TARGET_NAME = NoSmoke_Days;
			};
			name = Debug;
		};
		186B39042D7DC55700ACF9EB /* Release */ = {
			isa = XCBuildConfiguration;
			buildSettings = {
				CODE_SIGN_STYLE = Automatic;
				CURRENT_PROJECT_VERSION = 1;
				GENERATE_INFOPLIST_FILE = YES;
				MARKETING_VERSION = 1.0;
				PRODUCT_BUNDLE_IDENTIFIER = "com.yingfei.NoSmoke-DaysUITests";
				PRODUCT_NAME = "$(TARGET_NAME)";
				SWIFT_EMIT_LOC_STRINGS = NO;
				SWIFT_VERSION = 5.0;
				TARGETED_DEVICE_FAMILY = "1,2";
				TEST_TARGET_NAME = NoSmoke_Days;
			};
			name = Release;
		};
/* End XCBuildConfiguration section */

/* Begin XCConfigurationList section */
		186B38D32D7DC55500ACF9EB /* Build configuration list for PBXProject "NoSmoke_Days" */ = {
			isa = XCConfigurationList;
			buildConfigurations = (
				186B38FA2D7DC55700ACF9EB /* Debug */,
				186B38FB2D7DC55700ACF9EB /* Release */,
			);
			defaultConfigurationIsVisible = 0;
			defaultConfigurationName = Release;
		};
		186B38FC2D7DC55700ACF9EB /* Build configuration list for PBXNativeTarget "NoSmoke_Days" */ = {
			isa = XCConfigurationList;
			buildConfigurations = (
				186B38FD2D7DC55700ACF9EB /* Debug */,
				186B38FE2D7DC55700ACF9EB /* Release */,
			);
			defaultConfigurationIsVisible = 0;
			defaultConfigurationName = Release;
		};
		186B38FF2D7DC55700ACF9EB /* Build configuration list for PBXNativeTarget "NoSmoke_DaysTests" */ = {
			isa = XCConfigurationList;
			buildConfigurations = (
				186B39002D7DC55700ACF9EB /* Debug */,
				186B39012D7DC55700ACF9EB /* Release */,
			);
			defaultConfigurationIsVisible = 0;
			defaultConfigurationName = Release;
		};
		186B39022D7DC55700ACF9EB /* Build configuration list for PBXNativeTarget "NoSmoke_DaysUITests" */ = {
			isa = XCConfigurationList;
			buildConfigurations = (
				186B39032D7DC55700ACF9EB /* Debug */,
				186B39042D7DC55700ACF9EB /* Release */,
			);
			defaultConfigurationIsVisible = 0;
			defaultConfigurationName = Release;
		};
/* End XCConfigurationList section */
	};
	rootObject = 186B38D02D7DC55500ACF9EB /* Project object */;
}
